# THIS IS AN AUTOGENERATED FILE. DO NOT EDIT THIS FILE DIRECTLY.
# yarn lockfile v1


grantlibs@^1.0.19:
  version "1.0.19"
  resolved "https://registry.npmmirror.com/grantlibs/-/grantlibs-1.0.19.tgz#543efdee734de5eda7bd93742f3d44c31ade079a"
  integrity sha512-WyLb6bru+06Pzt6U3vODpCvwO4ejKZrvlliuanEp4Tu5pkevsfnWHUr3CNvnDJBy36Hi9R8zyvfmYdF/g8gUUA==

uview-ui@^2.0.37:
  version "2.0.37"
  resolved "https://registry.npmmirror.com/uview-ui/-/uview-ui-2.0.37.tgz"
  integrity sha512-iBcWNmQa01Wr+z004G6XIVPDctOrJIAx7LObQceUAPxZh6kJYjIOAMp5JE1K4VpoMV5bKYDpCd0gmX+M4nTEQQ==
